
Microsoft Visual Studio Solution File, Format Version 12.00
# Visual Studio Version 17
VisualStudioVersion = 17.13.35913.81 d17.13
MinimumVisualStudioVersion = 10.0.40219.1
Project("{FAE04EC0-301F-11D3-BF4B-00C04F79EFBC}") = "Task Tracker", "Task Tracker\Task Tracker.csproj", "{43CCCFBC-CD97-4EEE-8F7D-741B972B3867}"
EndProject
Global
	GlobalSection(SolutionConfigurationPlatforms) = preSolution
		Debug|Any CPU = Debug|Any CPU
		Release|Any CPU = Release|Any CPU
	EndGlobalSection
	GlobalSection(ProjectConfigurationPlatforms) = postSolution
		{43CCCFBC-CD97-4EEE-8F7D-741B972B3867}.Debug|Any CPU.ActiveCfg = Debug|Any CPU
		{43CCCFBC-CD97-4EEE-8F7D-741B972B3867}.Debug|Any CPU.Build.0 = Debug|Any CPU
		{43CCCFBC-CD97-4EEE-8F7D-741B972B3867}.Release|Any CPU.ActiveCfg = Release|Any CPU
		{43CCCFBC-CD97-4EEE-8F7D-741B972B3867}.Release|Any CPU.Build.0 = Release|Any CPU
	EndGlobalSection
	GlobalSection(SolutionProperties) = preSolution
		HideSolutionNode = FALSE
	EndGlobalSection
	GlobalSection(ExtensibilityGlobals) = postSolution
		SolutionGuid = {8F18CDE5-A7D7-4D39-90E0-42BE8937C14D}
	EndGlobalSection
EndGlobal
